
Microsoft Visual Studio Solution File, Format Version 12.00
# Visual Studio 2012
Project("{FAE04EC0-301F-11D3-BF4B-00C04F79EFBC}") = "VK.IMDumbDump", "VK.IMDumbDump\VK.IMDumbDump.csproj", "{56D3ABAF-44C2-43D9-85D6-77DBEC7B182B}"
EndProject
Project("{FAE04EC0-301F-11D3-BF4B-00C04F79EFBC}") = "core", "core\core.csproj", "{1D56AADF-0595-4CD1-9499-DB0413F49019}"
EndProject
Global
	GlobalSection(SolutionConfigurationPlatforms) = preSolution
		Debug|Any CPU = Debug|Any CPU
		Release|Any CPU = Release|Any CPU
	EndGlobalSection
	GlobalSection(ProjectConfigurationPlatforms) = postSolution
		{56D3ABAF-44C2-43D9-85D6-77DBEC7B182B}.Debug|Any CPU.ActiveCfg = Debug|Any CPU
		{56D3ABAF-44C2-43D9-85D6-77DBEC7B182B}.Debug|Any CPU.Build.0 = Debug|Any CPU
		{56D3ABAF-44C2-43D9-85D6-77DBEC7B182B}.Release|Any CPU.ActiveCfg = Release|Any CPU
		{56D3ABAF-44C2-43D9-85D6-77DBEC7B182B}.Release|Any CPU.Build.0 = Release|Any CPU
		{1D56AADF-0595-4CD1-9499-DB0413F49019}.Debug|Any CPU.ActiveCfg = Debug|Any CPU
		{1D56AADF-0595-4CD1-9499-DB0413F49019}.Debug|Any CPU.Build.0 = Debug|Any CPU
		{1D56AADF-0595-4CD1-9499-DB0413F49019}.Release|Any CPU.ActiveCfg = Release|Any CPU
		{1D56AADF-0595-4CD1-9499-DB0413F49019}.Release|Any CPU.Build.0 = Release|Any CPU
	EndGlobalSection
	GlobalSection(SolutionProperties) = preSolution
		HideSolutionNode = FALSE
	EndGlobalSection
EndGlobal
